
Microsoft Visual Studio Solution File, Format Version 12.00
# Visual Studio Version 16
VisualStudioVersion = 16.0.30011.22
MinimumVisualStudioVersion = 10.0.40219.1
Project("{8BC9CEB8-8B4A-11D0-8D11-00A0C91BC942}") = "FunctionsPluralSight", "FunctionsPluralSight\FunctionsPluralSight.vcxproj", "{86BC4FB7-1361-4FE0-B8A3-85805CFD0B51}"
EndProject
Global
	GlobalSection(SolutionConfigurationPlatforms) = preSolution
		Debug|x64 = Debug|x64
		Debug|x86 = Debug|x86
		Release|x64 = Release|x64
		Release|x86 = Release|x86
	EndGlobalSection
	GlobalSection(ProjectConfigurationPlatforms) = postSolution
		{86BC4FB7-1361-4FE0-B8A3-85805CFD0B51}.Debug|x64.ActiveCfg = Debug|x64
		{86BC4FB7-1361-4FE0-B8A3-85805CFD0B51}.Debug|x64.Build.0 = Debug|x64
		{86BC4FB7-1361-4FE0-B8A3-85805CFD0B51}.Debug|x86.ActiveCfg = Debug|Win32
		{86BC4FB7-1361-4FE0-B8A3-85805CFD0B51}.Debug|x86.Build.0 = Debug|Win32
		{86BC4FB7-1361-4FE0-B8A3-85805CFD0B51}.Release|x64.ActiveCfg = Release|x64
		{86BC4FB7-1361-4FE0-B8A3-85805CFD0B51}.Release|x64.Build.0 = Release|x64
		{86BC4FB7-1361-4FE0-B8A3-85805CFD0B51}.Release|x86.ActiveCfg = Release|Win32
		{86BC4FB7-1361-4FE0-B8A3-85805CFD0B51}.Release|x86.Build.0 = Release|Win32
	EndGlobalSection
	GlobalSection(SolutionProperties) = preSolution
		HideSolutionNode = FALSE
	EndGlobalSection
	GlobalSection(ExtensibilityGlobals) = postSolution
		SolutionGuid = {D1BB3122-4863-46F2-91F9-B971BF2C4AB0}
	EndGlobalSection
EndGlobal
